{
  "name": "ToDo", 
  "version": "1.0.0",
  "description": "Simple ToDo list application", 
  "main": "index.js", 
  "scripts": { 
    "test": "echo \"Error: no test specified\" && exit 1", 
    "start": "node index.js" 
  }, 
  "author": "Your Name", 
  "license": "MIT", 
  "dependencies": {
    "react": "^18.2.0",
    "react-dom": "^18.2.0"
  }
}
